// !$*UTF8*$!
{
	archiveVersion = 1;
	classes = {
	};
	objectVersion = 55;
	objects = {

/* Begin PBXBuildFile section */
		0E047212288FB1B900D2F087 /* main.swift in Sources */ = {isa = PBXBuildFile; fileRef = 0E047211288FB1B900D2F087 /* main.swift */; };
		0E0697F028C9B802008DF1BC /* Has3Divisors.swift in Sources */ = {isa = PBXBuildFile; fileRef = 0E0697EF28C9B802008DF1BC /* Has3Divisors.swift */; };
		0E0697F228C9B957008DF1BC /* MergeTwoSortedLists.swift in Sources */ = {isa = PBXBuildFile; fileRef = 0E0697F128C9B957008DF1BC /* MergeTwoSortedLists.swift */; };
		0E0697F428CAEEBB008DF1BC /* SwapPairs.swift in Sources */ = {isa = PBXBuildFile; fileRef = 0E0697F328CAEEBB008DF1BC /* SwapPairs.swift */; };
		0E850DF128BF1A6A005C6923 /* IntersectionLinkedLists.swift in Sources */ = {isa = PBXBuildFile; fileRef = 0E850DF028BF1A6A005C6923 /* IntersectionLinkedLists.swift */; };
		0EA9D7DA28CF742E0051F73E /* RemoveElements.swift in Sources */ = {isa = PBXBuildFile; fileRef = 0EA9D7D928CF742E0051F73E /* RemoveElements.swift */; };
		0EABD2FA28CCD3C200415039 /* LongestPalindrome.swift in Sources */ = {isa = PBXBuildFile; fileRef = 0EABD2F928CCD3C200415039 /* LongestPalindrome.swift */; };
		0EABD2FC28CCE5D400415039 /* Extensions.swift in Sources */ = {isa = PBXBuildFile; fileRef = 0EABD2FB28CCE5D400415039 /* Extensions.swift */; };
		0EABD30028CDBE7E00415039 /* Sqrt.swift in Sources */ = {isa = PBXBuildFile; fileRef = 0EABD2FF28CDBE7E00415039 /* Sqrt.swift */; };
		0EB326D028BC836300DD597C /* DeleteMiddleNode.swift in Sources */ = {isa = PBXBuildFile; fileRef = 0EB326CF28BC836300DD597C /* DeleteMiddleNode.swift */; };
		0EB326D428BDA4C600DD597C /* PartitionList.swift in Sources */ = {isa = PBXBuildFile; fileRef = 0EB326D328BDA4C600DD597C /* PartitionList.swift */; };
		0EB326D628BDADFF00DD597C /* AddTwoNumbers.swift in Sources */ = {isa = PBXBuildFile; fileRef = 0EB326D528BDADFF00DD597C /* AddTwoNumbers.swift */; };
		0EB326DA28BDCA9000DD597C /* PalindromeLinkedList.swift in Sources */ = {isa = PBXBuildFile; fileRef = 0EB326D928BDCA9000DD597C /* PalindromeLinkedList.swift */; };
		0EB8981828B46DF000D269E0 /* ListNode.swift in Sources */ = {isa = PBXBuildFile; fileRef = 0EB8981728B46DF000D269E0 /* ListNode.swift */; };
		0EB8981A28B46FA900D269E0 /* DeleteDuplicatesLinkedList.swift in Sources */ = {isa = PBXBuildFile; fileRef = 0EB8981928B46FA900D269E0 /* DeleteDuplicatesLinkedList.swift */; };
		0EB8981C28B4750300D269E0 /* DeleteDuplicatesLinkedList2.swift in Sources */ = {isa = PBXBuildFile; fileRef = 0EB8981B28B4750300D269E0 /* DeleteDuplicatesLinkedList2.swift */; };
		0EBBB7B628D0E1BB00E8FD5E /* DivideArray.swift in Sources */ = {isa = PBXBuildFile; fileRef = 0EBBB7B528D0E1BB00E8FD5E /* DivideArray.swift */; };
		0EBBB7B828D0E40100E8FD5E /* FindFinalValue.swift in Sources */ = {isa = PBXBuildFile; fileRef = 0EBBB7B728D0E40100E8FD5E /* FindFinalValue.swift */; };
		0EBBB7BA28D0E69400E8FD5E /* DominantIndex.swift in Sources */ = {isa = PBXBuildFile; fileRef = 0EBBB7B928D0E69400E8FD5E /* DominantIndex.swift */; };
		0EBBB7BC28D161F700E8FD5E /* ReverseLinkedList.swift in Sources */ = {isa = PBXBuildFile; fileRef = 0EBBB7BB28D161F700E8FD5E /* ReverseLinkedList.swift */; };
		0EBBB7BE28D166FF00E8FD5E /* KthDistinctString.swift in Sources */ = {isa = PBXBuildFile; fileRef = 0EBBB7BD28D166FF00E8FD5E /* KthDistinctString.swift */; };
/* End PBXBuildFile section */

/* Begin PBXCopyFilesBuildPhase section */
		0E04720C288FB1B900D2F087 /* CopyFiles */ = {
			isa = PBXCopyFilesBuildPhase;
			buildActionMask = 2147483647;
			dstPath = /usr/share/man/man1/;
			dstSubfolderSpec = 0;
			files = (
			);
			runOnlyForDeploymentPostprocessing = 1;
		};
/* End PBXCopyFilesBuildPhase section */

/* Begin PBXFileReference section */
		0E04720E288FB1B900D2F087 /* LeetCode */ = {isa = PBXFileReference; explicitFileType = "compiled.mach-o.executable"; includeInIndex = 0; path = LeetCode; sourceTree = BUILT_PRODUCTS_DIR; };
		0E047211288FB1B900D2F087 /* main.swift */ = {isa = PBXFileReference; lastKnownFileType = sourcecode.swift; path = main.swift; sourceTree = "<group>"; };
		0E04721A288FB3CB00D2F087 /* LeetCode.playground */ = {isa = PBXFileReference; lastKnownFileType = file.playground; path = LeetCode.playground; sourceTree = "<group>"; xcLanguageSpecificationIdentifier = xcode.lang.swift; };
		0E0697EF28C9B802008DF1BC /* Has3Divisors.swift */ = {isa = PBXFileReference; lastKnownFileType = sourcecode.swift; path = Has3Divisors.swift; sourceTree = "<group>"; };
		0E0697F128C9B957008DF1BC /* MergeTwoSortedLists.swift */ = {isa = PBXFileReference; lastKnownFileType = sourcecode.swift; path = MergeTwoSortedLists.swift; sourceTree = "<group>"; };
		0E0697F328CAEEBB008DF1BC /* SwapPairs.swift */ = {isa = PBXFileReference; lastKnownFileType = sourcecode.swift; path = SwapPairs.swift; sourceTree = "<group>"; };
		0E850DF028BF1A6A005C6923 /* IntersectionLinkedLists.swift */ = {isa = PBXFileReference; lastKnownFileType = sourcecode.swift; path = IntersectionLinkedLists.swift; sourceTree = "<group>"; };
		0EA9D7D928CF742E0051F73E /* RemoveElements.swift */ = {isa = PBXFileReference; lastKnownFileType = sourcecode.swift; path = RemoveElements.swift; sourceTree = "<group>"; };
		0EABD2F928CCD3C200415039 /* LongestPalindrome.swift */ = {isa = PBXFileReference; lastKnownFileType = sourcecode.swift; path = LongestPalindrome.swift; sourceTree = "<group>"; };
		0EABD2FB28CCE5D400415039 /* Extensions.swift */ = {isa = PBXFileReference; lastKnownFileType = sourcecode.swift; path = Extensions.swift; sourceTree = "<group>"; };
		0EABD2FF28CDBE7E00415039 /* Sqrt.swift */ = {isa = PBXFileReference; lastKnownFileType = sourcecode.swift; path = Sqrt.swift; sourceTree = "<group>"; };
		0EB326CF28BC836300DD597C /* DeleteMiddleNode.swift */ = {isa = PBXFileReference; lastKnownFileType = sourcecode.swift; path = DeleteMiddleNode.swift; sourceTree = "<group>"; };
		0EB326D328BDA4C600DD597C /* PartitionList.swift */ = {isa = PBXFileReference; lastKnownFileType = sourcecode.swift; path = PartitionList.swift; sourceTree = "<group>"; };
		0EB326D528BDADFF00DD597C /* AddTwoNumbers.swift */ = {isa = PBXFileReference; lastKnownFileType = sourcecode.swift; path = AddTwoNumbers.swift; sourceTree = "<group>"; };
		0EB326D928BDCA9000DD597C /* PalindromeLinkedList.swift */ = {isa = PBXFileReference; lastKnownFileType = sourcecode.swift; path = PalindromeLinkedList.swift; sourceTree = "<group>"; };
		0EB8981728B46DF000D269E0 /* ListNode.swift */ = {isa = PBXFileReference; lastKnownFileType = sourcecode.swift; path = ListNode.swift; sourceTree = "<group>"; };
		0EB8981928B46FA900D269E0 /* DeleteDuplicatesLinkedList.swift */ = {isa = PBXFileReference; lastKnownFileType = sourcecode.swift; path = DeleteDuplicatesLinkedList.swift; sourceTree = "<group>"; };
		0EB8981B28B4750300D269E0 /* DeleteDuplicatesLinkedList2.swift */ = {isa = PBXFileReference; lastKnownFileType = sourcecode.swift; path = DeleteDuplicatesLinkedList2.swift; sourceTree = "<group>"; };
		0EBBB7B528D0E1BB00E8FD5E /* DivideArray.swift */ = {isa = PBXFileReference; lastKnownFileType = sourcecode.swift; path = DivideArray.swift; sourceTree = "<group>"; };
		0EBBB7B728D0E40100E8FD5E /* FindFinalValue.swift */ = {isa = PBXFileReference; lastKnownFileType = sourcecode.swift; path = FindFinalValue.swift; sourceTree = "<group>"; };
		0EBBB7B928D0E69400E8FD5E /* DominantIndex.swift */ = {isa = PBXFileReference; lastKnownFileType = sourcecode.swift; path = DominantIndex.swift; sourceTree = "<group>"; };
		0EBBB7BB28D161F700E8FD5E /* ReverseLinkedList.swift */ = {isa = PBXFileReference; lastKnownFileType = sourcecode.swift; path = ReverseLinkedList.swift; sourceTree = "<group>"; };
		0EBBB7BD28D166FF00E8FD5E /* KthDistinctString.swift */ = {isa = PBXFileReference; lastKnownFileType = sourcecode.swift; path = KthDistinctString.swift; sourceTree = "<group>"; };
/* End PBXFileReference section */

/* Begin PBXFrameworksBuildPhase section */
		0E04720B288FB1B900D2F087 /* Frameworks */ = {
			isa = PBXFrameworksBuildPhase;
			buildActionMask = 2147483647;
			files = (
			);
			runOnlyForDeploymentPostprocessing = 0;
		};
/* End PBXFrameworksBuildPhase section */

/* Begin PBXGroup section */
		0E047205288FB1B900D2F087 = {
			isa = PBXGroup;
			children = (
				0E04721A288FB3CB00D2F087 /* LeetCode.playground */,
				0E047210288FB1B900D2F087 /* LeetCode */,
				0E04720F288FB1B900D2F087 /* Products */,
			);
			sourceTree = "<group>";
		};
		0E04720F288FB1B900D2F087 /* Products */ = {
			isa = PBXGroup;
			children = (
				0E04720E288FB1B900D2F087 /* LeetCode */,
			);
			name = Products;
			sourceTree = "<group>";
		};
		0E047210288FB1B900D2F087 /* LeetCode */ = {
			isa = PBXGroup;
			children = (
				0EB8981628B46DDD00D269E0 /* DS */,
				0EED057D289A9FB8006F6FC2 /* In Progress */,
				0E04721B288FB40300D2F087 /* Completed */,
				0E047211288FB1B900D2F087 /* main.swift */,
			);
			path = LeetCode;
			sourceTree = "<group>";
		};
		0E04721B288FB40300D2F087 /* Completed */ = {
			isa = PBXGroup;
			children = (
				0EED057A289A9F9B006F6FC2 /* Easy */,
				0EED057B289A9FA1006F6FC2 /* Medium */,
				0EED057C289A9FA9006F6FC2 /* Hard */,
			);
			path = Completed;
			sourceTree = "<group>";
		};
		0EB326CD28BC832100DD597C /* LinkedList */ = {
			isa = PBXGroup;
			children = (
				0EB8981928B46FA900D269E0 /* DeleteDuplicatesLinkedList.swift */,
				0E0697F128C9B957008DF1BC /* MergeTwoSortedLists.swift */,
				0EA9D7D928CF742E0051F73E /* RemoveElements.swift */,
				0EBBB7BB28D161F700E8FD5E /* ReverseLinkedList.swift */,
			);
			path = LinkedList;
			sourceTree = "<group>";
		};
		0EB326CE28BC833200DD597C /* LinkedList */ = {
			isa = PBXGroup;
			children = (
				0EB8981B28B4750300D269E0 /* DeleteDuplicatesLinkedList2.swift */,
				0EB326CF28BC836300DD597C /* DeleteMiddleNode.swift */,
				0EB326D328BDA4C600DD597C /* PartitionList.swift */,
				0EB326D528BDADFF00DD597C /* AddTwoNumbers.swift */,
				0EB326D928BDCA9000DD597C /* PalindromeLinkedList.swift */,
				0E850DF028BF1A6A005C6923 /* IntersectionLinkedLists.swift */,
				0E0697F328CAEEBB008DF1BC /* SwapPairs.swift */,
			);
			path = LinkedList;
			sourceTree = "<group>";
		};
		0EB8981628B46DDD00D269E0 /* DS */ = {
			isa = PBXGroup;
			children = (
				0EB8981728B46DF000D269E0 /* ListNode.swift */,
				0EABD2FB28CCE5D400415039 /* Extensions.swift */,
			);
			path = DS;
			sourceTree = "<group>";
		};
		0EED057A289A9F9B006F6FC2 /* Easy */ = {
			isa = PBXGroup;
			children = (
				0EB326CD28BC832100DD597C /* LinkedList */,
				0E0697EF28C9B802008DF1BC /* Has3Divisors.swift */,
				0EABD2FF28CDBE7E00415039 /* Sqrt.swift */,
				0EBBB7B528D0E1BB00E8FD5E /* DivideArray.swift */,
				0EBBB7B728D0E40100E8FD5E /* FindFinalValue.swift */,
				0EBBB7B928D0E69400E8FD5E /* DominantIndex.swift */,
				0EBBB7BD28D166FF00E8FD5E /* KthDistinctString.swift */,
			);
			path = Easy;
			sourceTree = "<group>";
		};
		0EED057B289A9FA1006F6FC2 /* Medium */ = {
			isa = PBXGroup;
			children = (
				0EB326CE28BC833200DD597C /* LinkedList */,
				0EABD2F928CCD3C200415039 /* LongestPalindrome.swift */,
			);
			path = Medium;
			sourceTree = "<group>";
		};
		0EED057C289A9FA9006F6FC2 /* Hard */ = {
			isa = PBXGroup;
			children = (
			);
			path = Hard;
			sourceTree = "<group>";
		};
		0EED057D289A9FB8006F6FC2 /* In Progress */ = {
			isa = PBXGroup;
			children = (
				0EED057E289A9FC8006F6FC2 /* Easy */,
				0EED0580289A9FD5006F6FC2 /* Medium */,
				0EED057F289A9FD0006F6FC2 /* Hard */,
			);
			path = "In Progress";
			sourceTree = "<group>";
		};
		0EED057E289A9FC8006F6FC2 /* Easy */ = {
			isa = PBXGroup;
			children = (
			);
			path = Easy;
			sourceTree = "<group>";
		};
		0EED057F289A9FD0006F6FC2 /* Hard */ = {
			isa = PBXGroup;
			children = (
			);
			path = Hard;
			sourceTree = "<group>";
		};
		0EED0580289A9FD5006F6FC2 /* Medium */ = {
			isa = PBXGroup;
			children = (
			);
			path = Medium;
			sourceTree = "<group>";
		};
/* End PBXGroup section */

/* Begin PBXNativeTarget section */
		0E04720D288FB1B900D2F087 /* LeetCode */ = {
			isa = PBXNativeTarget;
			buildConfigurationList = 0E047215288FB1B900D2F087 /* Build configuration list for PBXNativeTarget "LeetCode" */;
			buildPhases = (
				0E04720A288FB1B900D2F087 /* Sources */,
				0E04720B288FB1B900D2F087 /* Frameworks */,
				0E04720C288FB1B900D2F087 /* CopyFiles */,
			);
			buildRules = (
			);
			dependencies = (
			);
			name = LeetCode;
			productName = LeetCode;
			productReference = 0E04720E288FB1B900D2F087 /* LeetCode */;
			productType = "com.apple.product-type.tool";
		};
/* End PBXNativeTarget section */

/* Begin PBXProject section */
		0E047206288FB1B900D2F087 /* Project object */ = {
			isa = PBXProject;
			attributes = {
				BuildIndependentTargetsInParallel = 1;
				LastSwiftUpdateCheck = 1340;
				LastUpgradeCheck = 1340;
				TargetAttributes = {
					0E04720D288FB1B900D2F087 = {
						CreatedOnToolsVersion = 13.4.1;
					};
				};
			};
			buildConfigurationList = 0E047209288FB1B900D2F087 /* Build configuration list for PBXProject "LeetCode" */;
			compatibilityVersion = "Xcode 13.0";
			developmentRegion = en;
			hasScannedForEncodings = 0;
			knownRegions = (
				en,
				Base,
			);
			mainGroup = 0E047205288FB1B900D2F087;
			productRefGroup = 0E04720F288FB1B900D2F087 /* Products */;
			projectDirPath = "";
			projectRoot = "";
			targets = (
				0E04720D288FB1B900D2F087 /* LeetCode */,
			);
		};
/* End PBXProject section */

/* Begin PBXSourcesBuildPhase section */
		0E04720A288FB1B900D2F087 /* Sources */ = {
			isa = PBXSourcesBuildPhase;
			buildActionMask = 2147483647;
			files = (
				0E0697F428CAEEBB008DF1BC /* SwapPairs.swift in Sources */,
				0E047212288FB1B900D2F087 /* main.swift in Sources */,
				0EB326D028BC836300DD597C /* DeleteMiddleNode.swift in Sources */,
				0EB8981A28B46FA900D269E0 /* DeleteDuplicatesLinkedList.swift in Sources */,
				0EB326DA28BDCA9000DD597C /* PalindromeLinkedList.swift in Sources */,
				0EBBB7BC28D161F700E8FD5E /* ReverseLinkedList.swift in Sources */,
				0EB8981C28B4750300D269E0 /* DeleteDuplicatesLinkedList2.swift in Sources */,
				0EABD30028CDBE7E00415039 /* Sqrt.swift in Sources */,
				0EB326D628BDADFF00DD597C /* AddTwoNumbers.swift in Sources */,
				0EB326D428BDA4C600DD597C /* PartitionList.swift in Sources */,
				0E0697F228C9B957008DF1BC /* MergeTwoSortedLists.swift in Sources */,
				0EBBB7BE28D166FF00E8FD5E /* KthDistinctString.swift in Sources */,
				0EA9D7DA28CF742E0051F73E /* RemoveElements.swift in Sources */,
				0EB8981828B46DF000D269E0 /* ListNode.swift in Sources */,
				0E850DF128BF1A6A005C6923 /* IntersectionLinkedLists.swift in Sources */,
				0EBBB7B828D0E40100E8FD5E /* FindFinalValue.swift in Sources */,
				0EABD2FA28CCD3C200415039 /* LongestPalindrome.swift in Sources */,
				0E0697F028C9B802008DF1BC /* Has3Divisors.swift in Sources */,
				0EBBB7BA28D0E69400E8FD5E /* DominantIndex.swift in Sources */,
				0EABD2FC28CCE5D400415039 /* Extensions.swift in Sources */,
				0EBBB7B628D0E1BB00E8FD5E /* DivideArray.swift in Sources */,
			);
			runOnlyForDeploymentPostprocessing = 0;
		};
/* End PBXSourcesBuildPhase section */

/* Begin XCBuildConfiguration section */
		0E047213288FB1B900D2F087 /* Debug */ = {
			isa = XCBuildConfiguration;
			buildSettings = {
				ALWAYS_SEARCH_USER_PATHS = NO;
				CLANG_ANALYZER_NONNULL = YES;
				CLANG_ANALYZER_NUMBER_OBJECT_CONVERSION = YES_AGGRESSIVE;
				CLANG_CXX_LANGUAGE_STANDARD = "gnu++17";
				CLANG_ENABLE_MODULES = YES;
				CLANG_ENABLE_OBJC_ARC = YES;
				CLANG_ENABLE_OBJC_WEAK = YES;
				CLANG_WARN_BLOCK_CAPTURE_AUTORELEASING = YES;
				CLANG_WARN_BOOL_CONVERSION = YES;
				CLANG_WARN_COMMA = YES;
				CLANG_WARN_CONSTANT_CONVERSION = YES;
				CLANG_WARN_DEPRECATED_OBJC_IMPLEMENTATIONS = YES;
				CLANG_WARN_DIRECT_OBJC_ISA_USAGE = YES_ERROR;
				CLANG_WARN_DOCUMENTATION_COMMENTS = YES;
				CLANG_WARN_EMPTY_BODY = YES;
				CLANG_WARN_ENUM_CONVERSION = YES;
				CLANG_WARN_INFINITE_RECURSION = YES;
				CLANG_WARN_INT_CONVERSION = YES;
				CLANG_WARN_NON_LITERAL_NULL_CONVERSION = YES;
				CLANG_WARN_OBJC_IMPLICIT_RETAIN_SELF = YES;
				CLANG_WARN_OBJC_LITERAL_CONVERSION = YES;
				CLANG_WARN_OBJC_ROOT_CLASS = YES_ERROR;
				CLANG_WARN_QUOTED_INCLUDE_IN_FRAMEWORK_HEADER = YES;
				CLANG_WARN_RANGE_LOOP_ANALYSIS = YES;
				CLANG_WARN_STRICT_PROTOTYPES = YES;
				CLANG_WARN_SUSPICIOUS_MOVE = YES;
				CLANG_WARN_UNGUARDED_AVAILABILITY = YES_AGGRESSIVE;
				CLANG_WARN_UNREACHABLE_CODE = YES;
				CLANG_WARN__DUPLICATE_METHOD_MATCH = YES;
				COPY_PHASE_STRIP = NO;
				DEBUG_INFORMATION_FORMAT = dwarf;
				ENABLE_STRICT_OBJC_MSGSEND = YES;
				ENABLE_TESTABILITY = YES;
				GCC_C_LANGUAGE_STANDARD = gnu11;
				GCC_DYNAMIC_NO_PIC = NO;
				GCC_NO_COMMON_BLOCKS = YES;
				GCC_OPTIMIZATION_LEVEL = 0;
				GCC_PREPROCESSOR_DEFINITIONS = (
					"DEBUG=1",
					"$(inherited)",
				);
				GCC_WARN_64_TO_32_BIT_CONVERSION = YES;
				GCC_WARN_ABOUT_RETURN_TYPE = YES_ERROR;
				GCC_WARN_UNDECLARED_SELECTOR = YES;
				GCC_WARN_UNINITIALIZED_AUTOS = YES_AGGRESSIVE;
				GCC_WARN_UNUSED_FUNCTION = YES;
				GCC_WARN_UNUSED_VARIABLE = YES;
				MACOSX_DEPLOYMENT_TARGET = 12.3;
				MTL_ENABLE_DEBUG_INFO = INCLUDE_SOURCE;
				MTL_FAST_MATH = YES;
				ONLY_ACTIVE_ARCH = YES;
				SDKROOT = macosx;
				SWIFT_ACTIVE_COMPILATION_CONDITIONS = DEBUG;
				SWIFT_OPTIMIZATION_LEVEL = "-Onone";
			};
			name = Debug;
		};
		0E047214288FB1B900D2F087 /* Release */ = {
			isa = XCBuildConfiguration;
			buildSettings = {
				ALWAYS_SEARCH_USER_PATHS = NO;
				CLANG_ANALYZER_NONNULL = YES;
				CLANG_ANALYZER_NUMBER_OBJECT_CONVERSION = YES_AGGRESSIVE;
				CLANG_CXX_LANGUAGE_STANDARD = "gnu++17";
				CLANG_ENABLE_MODULES = YES;
				CLANG_ENABLE_OBJC_ARC = YES;
				CLANG_ENABLE_OBJC_WEAK = YES;
				CLANG_WARN_BLOCK_CAPTURE_AUTORELEASING = YES;
				CLANG_WARN_BOOL_CONVERSION = YES;
				CLANG_WARN_COMMA = YES;
				CLANG_WARN_CONSTANT_CONVERSION = YES;
				CLANG_WARN_DEPRECATED_OBJC_IMPLEMENTATIONS = YES;
				CLANG_WARN_DIRECT_OBJC_ISA_USAGE = YES_ERROR;
				CLANG_WARN_DOCUMENTATION_COMMENTS = YES;
				CLANG_WARN_EMPTY_BODY = YES;
				CLANG_WARN_ENUM_CONVERSION = YES;
				CLANG_WARN_INFINITE_RECURSION = YES;
				CLANG_WARN_INT_CONVERSION = YES;
				CLANG_WARN_NON_LITERAL_NULL_CONVERSION = YES;
				CLANG_WARN_OBJC_IMPLICIT_RETAIN_SELF = YES;
				CLANG_WARN_OBJC_LITERAL_CONVERSION = YES;
				CLANG_WARN_OBJC_ROOT_CLASS = YES_ERROR;
				CLANG_WARN_QUOTED_INCLUDE_IN_FRAMEWORK_HEADER = YES;
				CLANG_WARN_RANGE_LOOP_ANALYSIS = YES;
				CLANG_WARN_STRICT_PROTOTYPES = YES;
				CLANG_WARN_SUSPICIOUS_MOVE = YES;
				CLANG_WARN_UNGUARDED_AVAILABILITY = YES_AGGRESSIVE;
				CLANG_WARN_UNREACHABLE_CODE = YES;
				CLANG_WARN__DUPLICATE_METHOD_MATCH = YES;
				COPY_PHASE_STRIP = NO;
				DEBUG_INFORMATION_FORMAT = "dwarf-with-dsym";
				ENABLE_NS_ASSERTIONS = NO;
				ENABLE_STRICT_OBJC_MSGSEND = YES;
				GCC_C_LANGUAGE_STANDARD = gnu11;
				GCC_NO_COMMON_BLOCKS = YES;
				GCC_WARN_64_TO_32_BIT_CONVERSION = YES;
				GCC_WARN_ABOUT_RETURN_TYPE = YES_ERROR;
				GCC_WARN_UNDECLARED_SELECTOR = YES;
				GCC_WARN_UNINITIALIZED_AUTOS = YES_AGGRESSIVE;
				GCC_WARN_UNUSED_FUNCTION = YES;
				GCC_WARN_UNUSED_VARIABLE = YES;
				MACOSX_DEPLOYMENT_TARGET = 12.3;
				MTL_ENABLE_DEBUG_INFO = NO;
				MTL_FAST_MATH = YES;
				SDKROOT = macosx;
				SWIFT_COMPILATION_MODE = wholemodule;
				SWIFT_OPTIMIZATION_LEVEL = "-O";
			};
			name = Release;
		};
		0E047216288FB1B900D2F087 /* Debug */ = {
			isa = XCBuildConfiguration;
			buildSettings = {
				CODE_SIGN_STYLE = Automatic;
				DEVELOPMENT_TEAM = XZC5KA67TU;
				ENABLE_HARDENED_RUNTIME = YES;
				PRODUCT_NAME = "$(TARGET_NAME)";
				SWIFT_VERSION = 5.0;
			};
			name = Debug;
		};
		0E047217288FB1B900D2F087 /* Release */ = {
			isa = XCBuildConfiguration;
			buildSettings = {
				CODE_SIGN_STYLE = Automatic;
				DEVELOPMENT_TEAM = XZC5KA67TU;
				ENABLE_HARDENED_RUNTIME = YES;
				PRODUCT_NAME = "$(TARGET_NAME)";
				SWIFT_VERSION = 5.0;
			};
			name = Release;
		};
/* End XCBuildConfiguration section */

/* Begin XCConfigurationList section */
		0E047209288FB1B900D2F087 /* Build configuration list for PBXProject "LeetCode" */ = {
			isa = XCConfigurationList;
			buildConfigurations = (
				0E047213288FB1B900D2F087 /* Debug */,
				0E047214288FB1B900D2F087 /* Release */,
			);
			defaultConfigurationIsVisible = 0;
			defaultConfigurationName = Release;
		};
		0E047215288FB1B900D2F087 /* Build configuration list for PBXNativeTarget "LeetCode" */ = {
			isa = XCConfigurationList;
			buildConfigurations = (
				0E047216288FB1B900D2F087 /* Debug */,
				0E047217288FB1B900D2F087 /* Release */,
			);
			defaultConfigurationIsVisible = 0;
			defaultConfigurationName = Release;
		};
/* End XCConfigurationList section */
	};
	rootObject = 0E047206288FB1B900D2F087 /* Project object */;
}
